github.com/agamp94/go-say-hello v1.0.1 h1:tiGwQFTZTVLaCzASVwKEynY8oZ4WwWGTnTwHNUGoj64=
github.com/agamp94/go-say-hello v1.0.1/go.mod h1:e2VSsgu+47573BOpC0N4Ix21C6xinxMTiLyDhkkrNGY=
github.com/agamp94/go-say-hello v1.0.2 h1:fBOItqjIo2o0MwzRKyjMhmgzsyWlLR3E/f8ZjSrLEhk=
github.com/agamp94/go-say-hello v1.0.2/go.mod h1:e2VSsgu+47573BOpC0N4Ix21C6xinxMTiLyDhkkrNGY=
github.com/agamp94/go-say-hello/v2 v2.0.0 h1:3zlBHu2sHP4sWYMjlPpnCV6kGiusRatN8M14Dwp65mI=
github.com/agamp94/go-say-hello/v2 v2.0.0/go.mod h1:Hb6LRi9bo1rAhKTfRU9cq7cKtfjZ2yP+jLUsRNV12FI=
